
Microsoft Visual Studio Solution File, Format Version 12.00
# Visual Studio Version 17
VisualStudioVersion = 17.2.32616.157
MinimumVisualStudioVersion = 10.0.40219.1
Project("{FAE04EC0-301F-11D3-BF4B-00C04F79EFBC}") = "BlazorApp", "BlazorApp\BlazorApp.csproj", "{182008DB-7F02-4562-8CA7-427004BBE8E2}"
EndProject
Global
	GlobalSection(SolutionConfigurationPlatforms) = preSolution
		Debug|Any CPU = Debug|Any CPU
		Release|Any CPU = Release|Any CPU
	EndGlobalSection
	GlobalSection(ProjectConfigurationPlatforms) = postSolution
		{182008DB-7F02-4562-8CA7-427004BBE8E2}.Debug|Any CPU.ActiveCfg = Debug|Any CPU
		{182008DB-7F02-4562-8CA7-427004BBE8E2}.Debug|Any CPU.Build.0 = Debug|Any CPU
		{182008DB-7F02-4562-8CA7-427004BBE8E2}.Release|Any CPU.ActiveCfg = Release|Any CPU
		{182008DB-7F02-4562-8CA7-427004BBE8E2}.Release|Any CPU.Build.0 = Release|Any CPU
	EndGlobalSection
	GlobalSection(SolutionProperties) = preSolution
		HideSolutionNode = FALSE
	EndGlobalSection
	GlobalSection(ExtensibilityGlobals) = postSolution
		SolutionGuid = {63C9CC77-7BD7-4B97-8EB1-497BE1BA4972}
	EndGlobalSection
EndGlobal
