
Microsoft Visual Studio Solution File, Format Version 12.00
# Visual Studio Version 17
VisualStudioVersion = 17.2.32616.157
MinimumVisualStudioVersion = 10.0.40219.1
Project("{FAE04EC0-301F-11D3-BF4B-00C04F79EFBC}") = "BlazorApp", "BlazorApp\BlazorApp.csproj", "{275BBE64-1A19-4268-A084-73FB02709047}"
EndProject
Global
	GlobalSection(SolutionConfigurationPlatforms) = preSolution
		Debug|Any CPU = Debug|Any CPU
		Release|Any CPU = Release|Any CPU
	EndGlobalSection
	GlobalSection(ProjectConfigurationPlatforms) = postSolution
		{275BBE64-1A19-4268-A084-73FB02709047}.Debug|Any CPU.ActiveCfg = Debug|Any CPU
		{275BBE64-1A19-4268-A084-73FB02709047}.Debug|Any CPU.Build.0 = Debug|Any CPU
		{275BBE64-1A19-4268-A084-73FB02709047}.Release|Any CPU.ActiveCfg = Release|Any CPU
		{275BBE64-1A19-4268-A084-73FB02709047}.Release|Any CPU.Build.0 = Release|Any CPU
	EndGlobalSection
	GlobalSection(SolutionProperties) = preSolution
		HideSolutionNode = FALSE
	EndGlobalSection
	GlobalSection(ExtensibilityGlobals) = postSolution
		SolutionGuid = {0454F9E3-6E2E-4E46-987A-15CAC51DEF9C}
	EndGlobalSection
EndGlobal
